
Microsoft Visual Studio Solution File, Format Version 12.00
# Visual Studio Version 16
VisualStudioVersion = 16.0.29025.244
MinimumVisualStudioVersion = 10.0.40219.1
Project("{9A19103F-16F7-4668-BE54-9A1E7A4F7556}") = "Technicolor", "Technicolor\Technicolor.csproj", "{F2258269-511D-4FD0-A2E4-177420C4494E}"
EndProject
Project("{2150E333-8FDC-42A3-9474-1A3956D46DE8}") = "Solution Items", "Solution Items", "{52FA3DAC-C128-4356-AD51-3C07FC369232}"
	ProjectSection(SolutionItems) = preProject
		.editorconfig = .editorconfig
	EndProjectSection
EndProject
Global
	GlobalSection(SolutionConfigurationPlatforms) = preSolution
		Release-1.29.1|Any CPU = Release-1.29.1|Any CPU
		Debug-1.29.1|Any CPU = Debug-1.29.1|Any CPU
	EndGlobalSection
	GlobalSection(ProjectConfigurationPlatforms) = postSolution
		{F2258269-511D-4FD0-A2E4-177420C4494E}.Release-1.29.1|Any CPU.ActiveCfg = Release-1.29.1|Any CPU
		{F2258269-511D-4FD0-A2E4-177420C4494E}.Release-1.29.1|Any CPU.Build.0 = Release-1.29.1|Any CPU
		{F2258269-511D-4FD0-A2E4-177420C4494E}.Debug-1.29.1|Any CPU.ActiveCfg = Debug-1.29.1|Any CPU
		{F2258269-511D-4FD0-A2E4-177420C4494E}.Debug-1.29.1|Any CPU.Build.0 = Debug-1.29.1|Any CPU
	EndGlobalSection
	GlobalSection(SolutionProperties) = preSolution
		HideSolutionNode = FALSE
	EndGlobalSection
	GlobalSection(ExtensibilityGlobals) = postSolution
		SolutionGuid = {9A6D1E60-188C-4D32-B9AF-F49BF855B14E}
	EndGlobalSection
EndGlobal
